
Microsoft Visual Studio Solution File, Format Version 12.00
# Visual Studio Version 16
VisualStudioVersion = 16.0.29911.84
MinimumVisualStudioVersion = 10.0.40219.1
Project("{9A19103F-16F7-4668-BE54-9A1E7A4F7556}") = "MoveITWeb", "MoveIT\MoveITWeb.csproj", "{07230AEB-47BE-411A-A699-9743ECD3083D}"
EndProject
Project("{9A19103F-16F7-4668-BE54-9A1E7A4F7556}") = "MoveITPriceService", "MoveITPriceService\MoveITPriceService.csproj", "{BDC73390-25B0-4D84-A80E-184A23B44DCC}"
EndProject
Project("{FAE04EC0-301F-11D3-BF4B-00C04F79EFBC}") = "MoveITPriceServiceTests", "MoveITPriceServiceTests\MoveITPriceServiceTests.csproj", "{C3759C39-859E-4148-8E64-D5B167CDC8A8}"
EndProject
Global
	GlobalSection(SolutionConfigurationPlatforms) = preSolution
		Debug|Any CPU = Debug|Any CPU
		Release|Any CPU = Release|Any CPU
	EndGlobalSection
	GlobalSection(ProjectConfigurationPlatforms) = postSolution
		{07230AEB-47BE-411A-A699-9743ECD3083D}.Debug|Any CPU.ActiveCfg = Debug|Any CPU
		{07230AEB-47BE-411A-A699-9743ECD3083D}.Debug|Any CPU.Build.0 = Debug|Any CPU
		{07230AEB-47BE-411A-A699-9743ECD3083D}.Release|Any CPU.ActiveCfg = Release|Any CPU
		{07230AEB-47BE-411A-A699-9743ECD3083D}.Release|Any CPU.Build.0 = Release|Any CPU
		{BDC73390-25B0-4D84-A80E-184A23B44DCC}.Debug|Any CPU.ActiveCfg = Debug|Any CPU
		{BDC73390-25B0-4D84-A80E-184A23B44DCC}.Debug|Any CPU.Build.0 = Debug|Any CPU
		{BDC73390-25B0-4D84-A80E-184A23B44DCC}.Release|Any CPU.ActiveCfg = Release|Any CPU
		{BDC73390-25B0-4D84-A80E-184A23B44DCC}.Release|Any CPU.Build.0 = Release|Any CPU
		{C3759C39-859E-4148-8E64-D5B167CDC8A8}.Debug|Any CPU.ActiveCfg = Debug|Any CPU
		{C3759C39-859E-4148-8E64-D5B167CDC8A8}.Debug|Any CPU.Build.0 = Debug|Any CPU
		{C3759C39-859E-4148-8E64-D5B167CDC8A8}.Release|Any CPU.ActiveCfg = Release|Any CPU
		{C3759C39-859E-4148-8E64-D5B167CDC8A8}.Release|Any CPU.Build.0 = Release|Any CPU
	EndGlobalSection
	GlobalSection(SolutionProperties) = preSolution
		HideSolutionNode = FALSE
	EndGlobalSection
	GlobalSection(ExtensibilityGlobals) = postSolution
		SolutionGuid = {562C2C5D-AF49-49EC-A3E4-D8A384456CA7}
	EndGlobalSection
EndGlobal
