
Microsoft Visual Studio Solution File, Format Version 12.00
Project("{FAE04EC0-301F-11D3-BF4B-00C04F79EFBC}") = "MultiSearch", "MultiSearch\MultiSearch.csproj", "{43A6BAA6-736B-4242-B585-C1853D6FFD74}"
EndProject
Project("{FAE04EC0-301F-11D3-BF4B-00C04F79EFBC}") = "MultiSearchTests", "MultiSearchTests\MultiSearchTests.csproj", "{DB630BFE-91B9-4218-9E30-114F4D138900}"
EndProject
Global
	GlobalSection(SolutionConfigurationPlatforms) = preSolution
		Debug|Any CPU = Debug|Any CPU
		Release|Any CPU = Release|Any CPU
	EndGlobalSection
	GlobalSection(ProjectConfigurationPlatforms) = postSolution
		{43A6BAA6-736B-4242-B585-C1853D6FFD74}.Debug|Any CPU.ActiveCfg = Debug|Any CPU
		{43A6BAA6-736B-4242-B585-C1853D6FFD74}.Debug|Any CPU.Build.0 = Debug|Any CPU
		{43A6BAA6-736B-4242-B585-C1853D6FFD74}.Release|Any CPU.ActiveCfg = Release|Any CPU
		{43A6BAA6-736B-4242-B585-C1853D6FFD74}.Release|Any CPU.Build.0 = Release|Any CPU
		{DB630BFE-91B9-4218-9E30-114F4D138900}.Debug|Any CPU.ActiveCfg = Debug|Any CPU
		{DB630BFE-91B9-4218-9E30-114F4D138900}.Debug|Any CPU.Build.0 = Debug|Any CPU
		{DB630BFE-91B9-4218-9E30-114F4D138900}.Release|Any CPU.ActiveCfg = Release|Any CPU
		{DB630BFE-91B9-4218-9E30-114F4D138900}.Release|Any CPU.Build.0 = Release|Any CPU
	EndGlobalSection
EndGlobal
