
Microsoft Visual Studio Solution File, Format Version 12.00
# Visual Studio Version 16
VisualStudioVersion = 16.0.30517.126
MinimumVisualStudioVersion = 10.0.40219.1
Project("{9A19103F-16F7-4668-BE54-9A1E7A4F7556}") = "GoGreenService", "GoGreenService\GoGreenService.csproj", "{51D4D899-8744-4E3C-A4DC-C07A3D10C4D7}"
EndProject
Project("{9A19103F-16F7-4668-BE54-9A1E7A4F7556}") = "GoGreenClient", "GoGreenClient\GoGreenClient.csproj", "{8776C948-3079-4F63-9DB3-F142B2DD8B11}"
EndProject
Project("{FAE04EC0-301F-11D3-BF4B-00C04F79EFBC}") = "GoGreenServiceTests", "GoGreenServiceTests\GoGreenServiceTests.csproj", "{AFE92280-F1A9-4953-BE29-CD3C84E82FA1}"
EndProject
Global
	GlobalSection(SolutionConfigurationPlatforms) = preSolution
		Debug|Any CPU = Debug|Any CPU
		Release|Any CPU = Release|Any CPU
	EndGlobalSection
	GlobalSection(ProjectConfigurationPlatforms) = postSolution
		{51D4D899-8744-4E3C-A4DC-C07A3D10C4D7}.Debug|Any CPU.ActiveCfg = Debug|Any CPU
		{51D4D899-8744-4E3C-A4DC-C07A3D10C4D7}.Debug|Any CPU.Build.0 = Debug|Any CPU
		{51D4D899-8744-4E3C-A4DC-C07A3D10C4D7}.Release|Any CPU.ActiveCfg = Release|Any CPU
		{51D4D899-8744-4E3C-A4DC-C07A3D10C4D7}.Release|Any CPU.Build.0 = Release|Any CPU
		{8776C948-3079-4F63-9DB3-F142B2DD8B11}.Debug|Any CPU.ActiveCfg = Debug|Any CPU
		{8776C948-3079-4F63-9DB3-F142B2DD8B11}.Debug|Any CPU.Build.0 = Debug|Any CPU
		{8776C948-3079-4F63-9DB3-F142B2DD8B11}.Release|Any CPU.ActiveCfg = Release|Any CPU
		{8776C948-3079-4F63-9DB3-F142B2DD8B11}.Release|Any CPU.Build.0 = Release|Any CPU
		{AFE92280-F1A9-4953-BE29-CD3C84E82FA1}.Debug|Any CPU.ActiveCfg = Debug|Any CPU
		{AFE92280-F1A9-4953-BE29-CD3C84E82FA1}.Debug|Any CPU.Build.0 = Debug|Any CPU
		{AFE92280-F1A9-4953-BE29-CD3C84E82FA1}.Release|Any CPU.ActiveCfg = Release|Any CPU
		{AFE92280-F1A9-4953-BE29-CD3C84E82FA1}.Release|Any CPU.Build.0 = Release|Any CPU
	EndGlobalSection
	GlobalSection(SolutionProperties) = preSolution
		HideSolutionNode = FALSE
	EndGlobalSection
	GlobalSection(ExtensibilityGlobals) = postSolution
		SolutionGuid = {E959C5AC-D93C-4AD0-BD28-87F8995B588E}
	EndGlobalSection
EndGlobal
